{
  "requires": true,
  "lockfileVersion": 1,
  "dependencies": {
    "ion-rangeslider": {
      "version": "2.3.1",
      "resolved": "https://registry.npmjs.org/ion-rangeslider/-/ion-rangeslider-2.3.1.tgz",
      "integrity": "sha512-6V+24FD13/feliI485gnRHZYD9Ev64M5NAFTxnVib516ATHa9PlXQrC+nOiPngouRYTCLPJyokAJEi3e1Umi5g=="
    },
    "jquery": {
      "version": "3.5.1",
      "resolved": "https://registry.npmjs.org/jquery/-/jquery-3.5.1.tgz",
      "integrity": "sha512-XwIBPqcMn57FxfT+Go5pzySnm4KWkT1Tv7gjrpT1srtf8Weynl6R273VJ5GjkRb51IzMp5nbaPjJXMWeju2MKg=="
    },
    "round-slider": {
      "version": "1.6.1",
      "resolved": "https://registry.npmjs.org/round-slider/-/round-slider-1.6.1.tgz",
      "integrity": "sha512-yRVcksg/wUP6TUWoNrnGRkbvfWuir73+ZgVhYBQaMHXwq2Z2c2MyVZav6p0voIqMZNPbELuYF0UFkg+5d5dNgg==",
      "requires": {
        "jquery": ">= 1.10.2"
      }
    }
  }
}
